
Microsoft Visual Studio Solution File, Format Version 12.00
# Visual Studio Version 17
VisualStudioVersion = 17.0.31903.59
MinimumVisualStudioVersion = 10.0.40219.1
Project("{FAE04EC0-301F-11D3-BF4B-00C04F79EFBC}") = "Domain", "Domain\Domain.csproj", "{C1230C19-4C5C-4723-BEF1-DB052DA5724F}"
EndProject
Project("{FAE04EC0-301F-11D3-BF4B-00C04F79EFBC}") = "Application", "Application\Application.csproj", "{A04CC919-34DB-4A2A-96F9-8DA246B9D10E}"
EndProject
Project("{FAE04EC0-301F-11D3-BF4B-00C04F79EFBC}") = "Infrastructure", "Infrastructure\Infrastructure.csproj", "{CFAA0B20-54C1-4198-9688-3F19FF00F88C}"
EndProject
Project("{FAE04EC0-301F-11D3-BF4B-00C04F79EFBC}") = "Api", "Api\Api.csproj", "{8D891102-44A1-43BF-8679-E4E384D3A128}"
EndProject
Project("{FAE04EC0-301F-11D3-BF4B-00C04F79EFBC}") = "Bootstrapper", "Bootstrapper\Bootstrapper.csproj", "{809A34CF-002C-4952-8AA3-15AD29E5D974}"
EndProject
Project("{FAE04EC0-301F-11D3-BF4B-00C04F79EFBC}") = "Tests", "Tests\Tests.csproj", "{A8E2C997-8872-4E19-AAB4-FA88E5E926FC}"
EndProject
Global
	GlobalSection(SolutionConfigurationPlatforms) = preSolution
		Debug|Any CPU = Debug|Any CPU
		Release|Any CPU = Release|Any CPU
	EndGlobalSection
	GlobalSection(SolutionProperties) = preSolution
		HideSolutionNode = FALSE
	EndGlobalSection
	GlobalSection(ProjectConfigurationPlatforms) = postSolution
		{C1230C19-4C5C-4723-BEF1-DB052DA5724F}.Debug|Any CPU.ActiveCfg = Debug|Any CPU
		{C1230C19-4C5C-4723-BEF1-DB052DA5724F}.Debug|Any CPU.Build.0 = Debug|Any CPU
		{C1230C19-4C5C-4723-BEF1-DB052DA5724F}.Release|Any CPU.ActiveCfg = Release|Any CPU
		{C1230C19-4C5C-4723-BEF1-DB052DA5724F}.Release|Any CPU.Build.0 = Release|Any CPU
		{A04CC919-34DB-4A2A-96F9-8DA246B9D10E}.Debug|Any CPU.ActiveCfg = Debug|Any CPU
		{A04CC919-34DB-4A2A-96F9-8DA246B9D10E}.Debug|Any CPU.Build.0 = Debug|Any CPU
		{A04CC919-34DB-4A2A-96F9-8DA246B9D10E}.Release|Any CPU.ActiveCfg = Release|Any CPU
		{A04CC919-34DB-4A2A-96F9-8DA246B9D10E}.Release|Any CPU.Build.0 = Release|Any CPU
		{CFAA0B20-54C1-4198-9688-3F19FF00F88C}.Debug|Any CPU.ActiveCfg = Debug|Any CPU
		{CFAA0B20-54C1-4198-9688-3F19FF00F88C}.Debug|Any CPU.Build.0 = Debug|Any CPU
		{CFAA0B20-54C1-4198-9688-3F19FF00F88C}.Release|Any CPU.ActiveCfg = Release|Any CPU
		{CFAA0B20-54C1-4198-9688-3F19FF00F88C}.Release|Any CPU.Build.0 = Release|Any CPU
		{8D891102-44A1-43BF-8679-E4E384D3A128}.Debug|Any CPU.ActiveCfg = Debug|Any CPU
		{8D891102-44A1-43BF-8679-E4E384D3A128}.Debug|Any CPU.Build.0 = Debug|Any CPU
		{8D891102-44A1-43BF-8679-E4E384D3A128}.Release|Any CPU.ActiveCfg = Release|Any CPU
		{8D891102-44A1-43BF-8679-E4E384D3A128}.Release|Any CPU.Build.0 = Release|Any CPU
		{809A34CF-002C-4952-8AA3-15AD29E5D974}.Debug|Any CPU.ActiveCfg = Debug|Any CPU
		{809A34CF-002C-4952-8AA3-15AD29E5D974}.Debug|Any CPU.Build.0 = Debug|Any CPU
		{809A34CF-002C-4952-8AA3-15AD29E5D974}.Release|Any CPU.ActiveCfg = Release|Any CPU
		{809A34CF-002C-4952-8AA3-15AD29E5D974}.Release|Any CPU.Build.0 = Release|Any CPU
		{A8E2C997-8872-4E19-AAB4-FA88E5E926FC}.Debug|Any CPU.ActiveCfg = Debug|Any CPU
		{A8E2C997-8872-4E19-AAB4-FA88E5E926FC}.Debug|Any CPU.Build.0 = Debug|Any CPU
		{A8E2C997-8872-4E19-AAB4-FA88E5E926FC}.Release|Any CPU.ActiveCfg = Release|Any CPU
		{A8E2C997-8872-4E19-AAB4-FA88E5E926FC}.Release|Any CPU.Build.0 = Release|Any CPU
	EndGlobalSection
EndGlobal
