
Microsoft Visual Studio Solution File, Format Version 12.00
# Visual Studio Version 17
VisualStudioVersion = 17.0.31903.59
MinimumVisualStudioVersion = 10.0.40219.1
Project("{FAE04EC0-301F-11D3-BF4B-00C04F79EFBC}") = "Bootstrapper", "Bootstrapper\Bootstrapper.csproj", "{132A6FC5-1FF6-4EF0-8BCF-4C7C198127AF}"
EndProject
Project("{FAE04EC0-301F-11D3-BF4B-00C04F79EFBC}") = "Api", "Api\Api.csproj", "{BDE9FA88-8A69-4F11-A323-0E5A0D442DDE}"
EndProject
Project("{FAE04EC0-301F-11D3-BF4B-00C04F79EFBC}") = "Application", "Application\Application.csproj", "{870335A9-E151-4539-82BE-1F0AC9DAAFB1}"
EndProject
Project("{FAE04EC0-301F-11D3-BF4B-00C04F79EFBC}") = "Domain", "Domain\Domain.csproj", "{FC864C16-90F6-45F5-890D-35189EE99446}"
EndProject
Project("{FAE04EC0-301F-11D3-BF4B-00C04F79EFBC}") = "Infrastructure", "Infrastructure\Infrastructure.csproj", "{3220AE36-045C-4EE7-9142-D57BE8AB0A4A}"
EndProject
Project("{FAE04EC0-301F-11D3-BF4B-00C04F79EFBC}") = "Migrations", "Migrations\Migrations.csproj", "{E92E4BBC-06C0-4D9A-A8A6-5421D77E0515}"
EndProject
Project("{FAE04EC0-301F-11D3-BF4B-00C04F79EFBC}") = "Tests", "Tests\Tests.csproj", "{C8BD2520-A412-41F3-9F7D-03FB130FF302}"
EndProject
Global
	GlobalSection(SolutionConfigurationPlatforms) = preSolution
		Debug|Any CPU = Debug|Any CPU
		Release|Any CPU = Release|Any CPU
	EndGlobalSection
	GlobalSection(SolutionProperties) = preSolution
		HideSolutionNode = FALSE
	EndGlobalSection
	GlobalSection(ProjectConfigurationPlatforms) = postSolution
		{132A6FC5-1FF6-4EF0-8BCF-4C7C198127AF}.Debug|Any CPU.ActiveCfg = Debug|Any CPU
		{132A6FC5-1FF6-4EF0-8BCF-4C7C198127AF}.Debug|Any CPU.Build.0 = Debug|Any CPU
		{132A6FC5-1FF6-4EF0-8BCF-4C7C198127AF}.Release|Any CPU.ActiveCfg = Release|Any CPU
		{132A6FC5-1FF6-4EF0-8BCF-4C7C198127AF}.Release|Any CPU.Build.0 = Release|Any CPU
		{BDE9FA88-8A69-4F11-A323-0E5A0D442DDE}.Debug|Any CPU.ActiveCfg = Debug|Any CPU
		{BDE9FA88-8A69-4F11-A323-0E5A0D442DDE}.Debug|Any CPU.Build.0 = Debug|Any CPU
		{BDE9FA88-8A69-4F11-A323-0E5A0D442DDE}.Release|Any CPU.ActiveCfg = Release|Any CPU
		{BDE9FA88-8A69-4F11-A323-0E5A0D442DDE}.Release|Any CPU.Build.0 = Release|Any CPU
		{870335A9-E151-4539-82BE-1F0AC9DAAFB1}.Debug|Any CPU.ActiveCfg = Debug|Any CPU
		{870335A9-E151-4539-82BE-1F0AC9DAAFB1}.Debug|Any CPU.Build.0 = Debug|Any CPU
		{870335A9-E151-4539-82BE-1F0AC9DAAFB1}.Release|Any CPU.ActiveCfg = Release|Any CPU
		{870335A9-E151-4539-82BE-1F0AC9DAAFB1}.Release|Any CPU.Build.0 = Release|Any CPU
		{FC864C16-90F6-45F5-890D-35189EE99446}.Debug|Any CPU.ActiveCfg = Debug|Any CPU
		{FC864C16-90F6-45F5-890D-35189EE99446}.Debug|Any CPU.Build.0 = Debug|Any CPU
		{FC864C16-90F6-45F5-890D-35189EE99446}.Release|Any CPU.ActiveCfg = Release|Any CPU
		{FC864C16-90F6-45F5-890D-35189EE99446}.Release|Any CPU.Build.0 = Release|Any CPU
		{3220AE36-045C-4EE7-9142-D57BE8AB0A4A}.Debug|Any CPU.ActiveCfg = Debug|Any CPU
		{3220AE36-045C-4EE7-9142-D57BE8AB0A4A}.Debug|Any CPU.Build.0 = Debug|Any CPU
		{3220AE36-045C-4EE7-9142-D57BE8AB0A4A}.Release|Any CPU.ActiveCfg = Release|Any CPU
		{3220AE36-045C-4EE7-9142-D57BE8AB0A4A}.Release|Any CPU.Build.0 = Release|Any CPU
		{E92E4BBC-06C0-4D9A-A8A6-5421D77E0515}.Debug|Any CPU.ActiveCfg = Debug|Any CPU
		{E92E4BBC-06C0-4D9A-A8A6-5421D77E0515}.Debug|Any CPU.Build.0 = Debug|Any CPU
		{E92E4BBC-06C0-4D9A-A8A6-5421D77E0515}.Release|Any CPU.ActiveCfg = Release|Any CPU
		{E92E4BBC-06C0-4D9A-A8A6-5421D77E0515}.Release|Any CPU.Build.0 = Release|Any CPU
		{C8BD2520-A412-41F3-9F7D-03FB130FF302}.Debug|Any CPU.ActiveCfg = Debug|Any CPU
		{C8BD2520-A412-41F3-9F7D-03FB130FF302}.Debug|Any CPU.Build.0 = Debug|Any CPU
		{C8BD2520-A412-41F3-9F7D-03FB130FF302}.Release|Any CPU.ActiveCfg = Release|Any CPU
		{C8BD2520-A412-41F3-9F7D-03FB130FF302}.Release|Any CPU.Build.0 = Release|Any CPU
	EndGlobalSection
EndGlobal
